
Microsoft Visual Studio Solution File, Format Version 12.00
# Visual Studio 15
VisualStudioVersion = 15.0.27428.2037
MinimumVisualStudioVersion = 10.0.40219.1
Project("{FAE04EC0-301F-11D3-BF4B-00C04F79EFBC}") = "CodeFirst", "CodeFirst\CodeFirst.csproj", "{197973D6-3175-42CE-B0E6-66CF500E6369}"
EndProject
Global
	GlobalSection(SolutionConfigurationPlatforms) = preSolution
		Debug|Any CPU = Debug|Any CPU
		Release|Any CPU = Release|Any CPU
	EndGlobalSection
	GlobalSection(ProjectConfigurationPlatforms) = postSolution
		{197973D6-3175-42CE-B0E6-66CF500E6369}.Debug|Any CPU.ActiveCfg = Debug|Any CPU
		{197973D6-3175-42CE-B0E6-66CF500E6369}.Debug|Any CPU.Build.0 = Debug|Any CPU
		{197973D6-3175-42CE-B0E6-66CF500E6369}.Release|Any CPU.ActiveCfg = Release|Any CPU
		{197973D6-3175-42CE-B0E6-66CF500E6369}.Release|Any CPU.Build.0 = Release|Any CPU
	EndGlobalSection
	GlobalSection(SolutionProperties) = preSolution
		HideSolutionNode = FALSE
	EndGlobalSection
	GlobalSection(ExtensibilityGlobals) = postSolution
		SolutionGuid = {97C0AB1D-C2ED-4E71-8EC2-1F101E263C06}
	EndGlobalSection
EndGlobal
